
Microsoft Visual Studio Solution File, Format Version 12.00
# Visual Studio Version 17
VisualStudioVersion = 17.0.31903.59
MinimumVisualStudioVersion = 10.0.40219.1
Project("{2150E333-8FDC-42A3-9474-1A3956D46DE8}") = "src", "src", "{827E0CD3-B72D-47B6-A68D-7590B98EB39B}"
EndProject
Project("{FAE04EC0-301F-11D3-BF4B-00C04F79EFBC}") = "Ecliptica.App", "src\Ecliptica.App\Ecliptica.App.csproj", "{F3DC9C4C-D182-4134-91AB-B3AD8F534E8E}"
EndProject
Project("{FAE04EC0-301F-11D3-BF4B-00C04F79EFBC}") = "Ecliptica.Core", "src\Ecliptica.Core\Ecliptica.Core.csproj", "{11C1DCFB-59F9-42E8-B204-8A3DD71BC5F4}"
EndProject
Project("{FAE04EC0-301F-11D3-BF4B-00C04F79EFBC}") = "Ecliptica.Engine", "src\Ecliptica.Engine\Ecliptica.Engine.csproj", "{F4C48513-7323-4CD1-9134-C7043424C1A3}"
EndProject
Project("{FAE04EC0-301F-11D3-BF4B-00C04F79EFBC}") = "Ecliptica.Physics", "src\Ecliptica.Physics\Ecliptica.Physics.csproj", "{C4DEC00A-6841-4F29-AA4C-DE8F65D61527}"
EndProject
Project("{FAE04EC0-301F-11D3-BF4B-00C04F79EFBC}") = "Ecliptica.Simulation", "src\Ecliptica.Simulation\Ecliptica.Simulation.csproj", "{D53540EA-7484-4B16-8B14-3148C59831C6}"
EndProject
Project("{FAE04EC0-301F-11D3-BF4B-00C04F79EFBC}") = "Ecliptica.Observation", "src\Ecliptica.Observation\Ecliptica.Observation.csproj", "{41E08D50-29F7-4759-A086-D7262CF7EE48}"
EndProject
Project("{FAE04EC0-301F-11D3-BF4B-00C04F79EFBC}") = "Ecliptica.Infrastructure", "src\Ecliptica.Infrastructure\Ecliptica.Infrastructure.csproj", "{94EEFF64-D881-439D-BD4A-696CFA892C70}"
EndProject
Project("{FAE04EC0-301F-11D3-BF4B-00C04F79EFBC}") = "Ecliptica.Renderer", "src\Ecliptica.Renderer\Ecliptica.Renderer.csproj", "{68435935-A0A7-4793-A733-65A0E5A82644}"
EndProject
Project("{2150E333-8FDC-42A3-9474-1A3956D46DE8}") = "tests", "tests", "{0AB3BF05-4346-4AA6-1389-037BE0695223}"
EndProject
Project("{FAE04EC0-301F-11D3-BF4B-00C04F79EFBC}") = "Ecliptica.Core.Tests", "tests\Ecliptica.Core.Tests\Ecliptica.Core.Tests.csproj", "{E7FB8D2E-09B3-4606-A823-081025A3DEDB}"
EndProject
Project("{FAE04EC0-301F-11D3-BF4B-00C04F79EFBC}") = "Ecliptica.Engine.Tests", "tests\Ecliptica.Engine.Tests\Ecliptica.Engine.Tests.csproj", "{E486F2A9-1B21-4EB1-9221-E6F939BF0993}"
EndProject
Project("{FAE04EC0-301F-11D3-BF4B-00C04F79EFBC}") = "Ecliptica.Observation.Tests", "tests\Ecliptica.Observation.Tests\Ecliptica.Observation.Tests.csproj", "{C42193B5-9F78-4161-93EF-F36AACA466E1}"
EndProject
Project("{FAE04EC0-301F-11D3-BF4B-00C04F79EFBC}") = "Ecliptica.Physics.Tests", "tests\Ecliptica.Physics.Tests\Ecliptica.Physics.Tests.csproj", "{E0F7C2C4-268F-48E0-B3F6-1B18515F80EE}"
EndProject
Project("{FAE04EC0-301F-11D3-BF4B-00C04F79EFBC}") = "Ecliptica.Renderer.Tests", "tests\Ecliptica.Renderer.Tests\Ecliptica.Renderer.Tests.csproj", "{02484089-A0FA-4E5C-92C9-A392003CE810}"
EndProject
Project("{FAE04EC0-301F-11D3-BF4B-00C04F79EFBC}") = "Ecliptica.Simulation.Tests", "tests\Ecliptica.Simulation.Tests\Ecliptica.Simulation.Tests.csproj", "{809CA5EE-2019-415E-8293-059AA005A008}"
EndProject
Global
	GlobalSection(SolutionConfigurationPlatforms) = preSolution
		Debug|Any CPU = Debug|Any CPU
		Debug|x64 = Debug|x64
		Debug|x86 = Debug|x86
		Release|Any CPU = Release|Any CPU
		Release|x64 = Release|x64
		Release|x86 = Release|x86
	EndGlobalSection
	GlobalSection(ProjectConfigurationPlatforms) = postSolution
		{F3DC9C4C-D182-4134-91AB-B3AD8F534E8E}.Debug|Any CPU.ActiveCfg = Debug|Any CPU
		{F3DC9C4C-D182-4134-91AB-B3AD8F534E8E}.Debug|Any CPU.Build.0 = Debug|Any CPU
		{F3DC9C4C-D182-4134-91AB-B3AD8F534E8E}.Debug|x64.ActiveCfg = Debug|Any CPU
		{F3DC9C4C-D182-4134-91AB-B3AD8F534E8E}.Debug|x64.Build.0 = Debug|Any CPU
		{F3DC9C4C-D182-4134-91AB-B3AD8F534E8E}.Debug|x86.ActiveCfg = Debug|Any CPU
		{F3DC9C4C-D182-4134-91AB-B3AD8F534E8E}.Debug|x86.Build.0 = Debug|Any CPU
		{F3DC9C4C-D182-4134-91AB-B3AD8F534E8E}.Release|Any CPU.ActiveCfg = Release|Any CPU
		{F3DC9C4C-D182-4134-91AB-B3AD8F534E8E}.Release|Any CPU.Build.0 = Release|Any CPU
		{F3DC9C4C-D182-4134-91AB-B3AD8F534E8E}.Release|x64.ActiveCfg = Release|Any CPU
		{F3DC9C4C-D182-4134-91AB-B3AD8F534E8E}.Release|x64.Build.0 = Release|Any CPU
		{F3DC9C4C-D182-4134-91AB-B3AD8F534E8E}.Release|x86.ActiveCfg = Release|Any CPU
		{F3DC9C4C-D182-4134-91AB-B3AD8F534E8E}.Release|x86.Build.0 = Release|Any CPU
		{11C1DCFB-59F9-42E8-B204-8A3DD71BC5F4}.Debug|Any CPU.ActiveCfg = Debug|Any CPU
		{11C1DCFB-59F9-42E8-B204-8A3DD71BC5F4}.Debug|Any CPU.Build.0 = Debug|Any CPU
		{11C1DCFB-59F9-42E8-B204-8A3DD71BC5F4}.Debug|x64.ActiveCfg = Debug|Any CPU
		{11C1DCFB-59F9-42E8-B204-8A3DD71BC5F4}.Debug|x64.Build.0 = Debug|Any CPU
		{11C1DCFB-59F9-42E8-B204-8A3DD71BC5F4}.Debug|x86.ActiveCfg = Debug|Any CPU
		{11C1DCFB-59F9-42E8-B204-8A3DD71BC5F4}.Debug|x86.Build.0 = Debug|Any CPU
		{11C1DCFB-59F9-42E8-B204-8A3DD71BC5F4}.Release|Any CPU.ActiveCfg = Release|Any CPU
		{11C1DCFB-59F9-42E8-B204-8A3DD71BC5F4}.Release|Any CPU.Build.0 = Release|Any CPU
		{11C1DCFB-59F9-42E8-B204-8A3DD71BC5F4}.Release|x64.ActiveCfg = Release|Any CPU
		{11C1DCFB-59F9-42E8-B204-8A3DD71BC5F4}.Release|x64.Build.0 = Release|Any CPU
		{11C1DCFB-59F9-42E8-B204-8A3DD71BC5F4}.Release|x86.ActiveCfg = Release|Any CPU
		{11C1DCFB-59F9-42E8-B204-8A3DD71BC5F4}.Release|x86.Build.0 = Release|Any CPU
		{F4C48513-7323-4CD1-9134-C7043424C1A3}.Debug|Any CPU.ActiveCfg = Debug|Any CPU
		{F4C48513-7323-4CD1-9134-C7043424C1A3}.Debug|Any CPU.Build.0 = Debug|Any CPU
		{F4C48513-7323-4CD1-9134-C7043424C1A3}.Debug|x64.ActiveCfg = Debug|Any CPU
		{F4C48513-7323-4CD1-9134-C7043424C1A3}.Debug|x64.Build.0 = Debug|Any CPU
		{F4C48513-7323-4CD1-9134-C7043424C1A3}.Debug|x86.ActiveCfg = Debug|Any CPU
		{F4C48513-7323-4CD1-9134-C7043424C1A3}.Debug|x86.Build.0 = Debug|Any CPU
		{F4C48513-7323-4CD1-9134-C7043424C1A3}.Release|Any CPU.ActiveCfg = Release|Any CPU
		{F4C48513-7323-4CD1-9134-C7043424C1A3}.Release|Any CPU.Build.0 = Release|Any CPU
		{F4C48513-7323-4CD1-9134-C7043424C1A3}.Release|x64.ActiveCfg = Release|Any CPU
		{F4C48513-7323-4CD1-9134-C7043424C1A3}.Release|x64.Build.0 = Release|Any CPU
		{F4C48513-7323-4CD1-9134-C7043424C1A3}.Release|x86.ActiveCfg = Release|Any CPU
		{F4C48513-7323-4CD1-9134-C7043424C1A3}.Release|x86.Build.0 = Release|Any CPU
		{C4DEC00A-6841-4F29-AA4C-DE8F65D61527}.Debug|Any CPU.ActiveCfg = Debug|Any CPU
		{C4DEC00A-6841-4F29-AA4C-DE8F65D61527}.Debug|Any CPU.Build.0 = Debug|Any CPU
		{C4DEC00A-6841-4F29-AA4C-DE8F65D61527}.Debug|x64.ActiveCfg = Debug|Any CPU
		{C4DEC00A-6841-4F29-AA4C-DE8F65D61527}.Debug|x64.Build.0 = Debug|Any CPU
		{C4DEC00A-6841-4F29-AA4C-DE8F65D61527}.Debug|x86.ActiveCfg = Debug|Any CPU
		{C4DEC00A-6841-4F29-AA4C-DE8F65D61527}.Debug|x86.Build.0 = Debug|Any CPU
		{C4DEC00A-6841-4F29-AA4C-DE8F65D61527}.Release|Any CPU.ActiveCfg = Release|Any CPU
		{C4DEC00A-6841-4F29-AA4C-DE8F65D61527}.Release|Any CPU.Build.0 = Release|Any CPU
		{C4DEC00A-6841-4F29-AA4C-DE8F65D61527}.Release|x64.ActiveCfg = Release|Any CPU
		{C4DEC00A-6841-4F29-AA4C-DE8F65D61527}.Release|x64.Build.0 = Release|Any CPU
		{C4DEC00A-6841-4F29-AA4C-DE8F65D61527}.Release|x86.ActiveCfg = Release|Any CPU
		{C4DEC00A-6841-4F29-AA4C-DE8F65D61527}.Release|x86.Build.0 = Release|Any CPU
		{D53540EA-7484-4B16-8B14-3148C59831C6}.Debug|Any CPU.ActiveCfg = Debug|Any CPU
		{D53540EA-7484-4B16-8B14-3148C59831C6}.Debug|Any CPU.Build.0 = Debug|Any CPU
		{D53540EA-7484-4B16-8B14-3148C59831C6}.Debug|x64.ActiveCfg = Debug|Any CPU
		{D53540EA-7484-4B16-8B14-3148C59831C6}.Debug|x64.Build.0 = Debug|Any CPU
		{D53540EA-7484-4B16-8B14-3148C59831C6}.Debug|x86.ActiveCfg = Debug|Any CPU
		{D53540EA-7484-4B16-8B14-3148C59831C6}.Debug|x86.Build.0 = Debug|Any CPU
		{D53540EA-7484-4B16-8B14-3148C59831C6}.Release|Any CPU.ActiveCfg = Release|Any CPU
		{D53540EA-7484-4B16-8B14-3148C59831C6}.Release|Any CPU.Build.0 = Release|Any CPU
		{D53540EA-7484-4B16-8B14-3148C59831C6}.Release|x64.ActiveCfg = Release|Any CPU
		{D53540EA-7484-4B16-8B14-3148C59831C6}.Release|x64.Build.0 = Release|Any CPU
		{D53540EA-7484-4B16-8B14-3148C59831C6}.Release|x86.ActiveCfg = Release|Any CPU
		{D53540EA-7484-4B16-8B14-3148C59831C6}.Release|x86.Build.0 = Release|Any CPU
		{41E08D50-29F7-4759-A086-D7262CF7EE48}.Debug|Any CPU.ActiveCfg = Debug|Any CPU
		{41E08D50-29F7-4759-A086-D7262CF7EE48}.Debug|Any CPU.Build.0 = Debug|Any CPU
		{41E08D50-29F7-4759-A086-D7262CF7EE48}.Debug|x64.ActiveCfg = Debug|Any CPU
		{41E08D50-29F7-4759-A086-D7262CF7EE48}.Debug|x64.Build.0 = Debug|Any CPU
		{41E08D50-29F7-4759-A086-D7262CF7EE48}.Debug|x86.ActiveCfg = Debug|Any CPU
		{41E08D50-29F7-4759-A086-D7262CF7EE48}.Debug|x86.Build.0 = Debug|Any CPU
		{41E08D50-29F7-4759-A086-D7262CF7EE48}.Release|Any CPU.ActiveCfg = Release|Any CPU
		{41E08D50-29F7-4759-A086-D7262CF7EE48}.Release|Any CPU.Build.0 = Release|Any CPU
		{41E08D50-29F7-4759-A086-D7262CF7EE48}.Release|x64.ActiveCfg = Release|Any CPU
		{41E08D50-29F7-4759-A086-D7262CF7EE48}.Release|x64.Build.0 = Release|Any CPU
		{41E08D50-29F7-4759-A086-D7262CF7EE48}.Release|x86.ActiveCfg = Release|Any CPU
		{41E08D50-29F7-4759-A086-D7262CF7EE48}.Release|x86.Build.0 = Release|Any CPU
		{94EEFF64-D881-439D-BD4A-696CFA892C70}.Debug|Any CPU.ActiveCfg = Debug|Any CPU
		{94EEFF64-D881-439D-BD4A-696CFA892C70}.Debug|Any CPU.Build.0 = Debug|Any CPU
		{94EEFF64-D881-439D-BD4A-696CFA892C70}.Debug|x64.ActiveCfg = Debug|Any CPU
		{94EEFF64-D881-439D-BD4A-696CFA892C70}.Debug|x64.Build.0 = Debug|Any CPU
		{94EEFF64-D881-439D-BD4A-696CFA892C70}.Debug|x86.ActiveCfg = Debug|Any CPU
		{94EEFF64-D881-439D-BD4A-696CFA892C70}.Debug|x86.Build.0 = Debug|Any CPU
		{94EEFF64-D881-439D-BD4A-696CFA892C70}.Release|Any CPU.ActiveCfg = Release|Any CPU
		{94EEFF64-D881-439D-BD4A-696CFA892C70}.Release|Any CPU.Build.0 = Release|Any CPU
		{94EEFF64-D881-439D-BD4A-696CFA892C70}.Release|x64.ActiveCfg = Release|Any CPU
		{94EEFF64-D881-439D-BD4A-696CFA892C70}.Release|x64.Build.0 = Release|Any CPU
		{94EEFF64-D881-439D-BD4A-696CFA892C70}.Release|x86.ActiveCfg = Release|Any CPU
		{94EEFF64-D881-439D-BD4A-696CFA892C70}.Release|x86.Build.0 = Release|Any CPU
		{68435935-A0A7-4793-A733-65A0E5A82644}.Debug|Any CPU.ActiveCfg = Debug|Any CPU
		{68435935-A0A7-4793-A733-65A0E5A82644}.Debug|Any CPU.Build.0 = Debug|Any CPU
		{68435935-A0A7-4793-A733-65A0E5A82644}.Debug|x64.ActiveCfg = Debug|Any CPU
		{68435935-A0A7-4793-A733-65A0E5A82644}.Debug|x64.Build.0 = Debug|Any CPU
		{68435935-A0A7-4793-A733-65A0E5A82644}.Debug|x86.ActiveCfg = Debug|Any CPU
		{68435935-A0A7-4793-A733-65A0E5A82644}.Debug|x86.Build.0 = Debug|Any CPU
		{68435935-A0A7-4793-A733-65A0E5A82644}.Release|Any CPU.ActiveCfg = Release|Any CPU
		{68435935-A0A7-4793-A733-65A0E5A82644}.Release|Any CPU.Build.0 = Release|Any CPU
		{68435935-A0A7-4793-A733-65A0E5A82644}.Release|x64.ActiveCfg = Release|Any CPU
		{68435935-A0A7-4793-A733-65A0E5A82644}.Release|x64.Build.0 = Release|Any CPU
		{68435935-A0A7-4793-A733-65A0E5A82644}.Release|x86.ActiveCfg = Release|Any CPU
		{68435935-A0A7-4793-A733-65A0E5A82644}.Release|x86.Build.0 = Release|Any CPU
		{E7FB8D2E-09B3-4606-A823-081025A3DEDB}.Debug|Any CPU.ActiveCfg = Debug|Any CPU
		{E7FB8D2E-09B3-4606-A823-081025A3DEDB}.Debug|Any CPU.Build.0 = Debug|Any CPU
		{E7FB8D2E-09B3-4606-A823-081025A3DEDB}.Debug|x64.ActiveCfg = Debug|Any CPU
		{E7FB8D2E-09B3-4606-A823-081025A3DEDB}.Debug|x64.Build.0 = Debug|Any CPU
		{E7FB8D2E-09B3-4606-A823-081025A3DEDB}.Debug|x86.ActiveCfg = Debug|Any CPU
		{E7FB8D2E-09B3-4606-A823-081025A3DEDB}.Debug|x86.Build.0 = Debug|Any CPU
		{E7FB8D2E-09B3-4606-A823-081025A3DEDB}.Release|Any CPU.ActiveCfg = Release|Any CPU
		{E7FB8D2E-09B3-4606-A823-081025A3DEDB}.Release|Any CPU.Build.0 = Release|Any CPU
		{E7FB8D2E-09B3-4606-A823-081025A3DEDB}.Release|x64.ActiveCfg = Release|Any CPU
		{E7FB8D2E-09B3-4606-A823-081025A3DEDB}.Release|x64.Build.0 = Release|Any CPU
		{E7FB8D2E-09B3-4606-A823-081025A3DEDB}.Release|x86.ActiveCfg = Release|Any CPU
		{E7FB8D2E-09B3-4606-A823-081025A3DEDB}.Release|x86.Build.0 = Release|Any CPU
		{E486F2A9-1B21-4EB1-9221-E6F939BF0993}.Debug|Any CPU.ActiveCfg = Debug|Any CPU
		{E486F2A9-1B21-4EB1-9221-E6F939BF0993}.Debug|Any CPU.Build.0 = Debug|Any CPU
		{E486F2A9-1B21-4EB1-9221-E6F939BF0993}.Debug|x64.ActiveCfg = Debug|Any CPU
		{E486F2A9-1B21-4EB1-9221-E6F939BF0993}.Debug|x64.Build.0 = Debug|Any CPU
		{E486F2A9-1B21-4EB1-9221-E6F939BF0993}.Debug|x86.ActiveCfg = Debug|Any CPU
		{E486F2A9-1B21-4EB1-9221-E6F939BF0993}.Debug|x86.Build.0 = Debug|Any CPU
		{E486F2A9-1B21-4EB1-9221-E6F939BF0993}.Release|Any CPU.ActiveCfg = Release|Any CPU
		{E486F2A9-1B21-4EB1-9221-E6F939BF0993}.Release|Any CPU.Build.0 = Release|Any CPU
		{E486F2A9-1B21-4EB1-9221-E6F939BF0993}.Release|x64.ActiveCfg = Release|Any CPU
		{E486F2A9-1B21-4EB1-9221-E6F939BF0993}.Release|x64.Build.0 = Release|Any CPU
		{E486F2A9-1B21-4EB1-9221-E6F939BF0993}.Release|x86.ActiveCfg = Release|Any CPU
		{E486F2A9-1B21-4EB1-9221-E6F939BF0993}.Release|x86.Build.0 = Release|Any CPU
		{C42193B5-9F78-4161-93EF-F36AACA466E1}.Debug|Any CPU.ActiveCfg = Debug|Any CPU
		{C42193B5-9F78-4161-93EF-F36AACA466E1}.Debug|Any CPU.Build.0 = Debug|Any CPU
		{C42193B5-9F78-4161-93EF-F36AACA466E1}.Debug|x64.ActiveCfg = Debug|Any CPU
		{C42193B5-9F78-4161-93EF-F36AACA466E1}.Debug|x64.Build.0 = Debug|Any CPU
		{C42193B5-9F78-4161-93EF-F36AACA466E1}.Debug|x86.ActiveCfg = Debug|Any CPU
		{C42193B5-9F78-4161-93EF-F36AACA466E1}.Debug|x86.Build.0 = Debug|Any CPU
		{C42193B5-9F78-4161-93EF-F36AACA466E1}.Release|Any CPU.ActiveCfg = Release|Any CPU
		{C42193B5-9F78-4161-93EF-F36AACA466E1}.Release|Any CPU.Build.0 = Release|Any CPU
		{C42193B5-9F78-4161-93EF-F36AACA466E1}.Release|x64.ActiveCfg = Release|Any CPU
		{C42193B5-9F78-4161-93EF-F36AACA466E1}.Release|x64.Build.0 = Release|Any CPU
		{C42193B5-9F78-4161-93EF-F36AACA466E1}.Release|x86.ActiveCfg = Release|Any CPU
		{C42193B5-9F78-4161-93EF-F36AACA466E1}.Release|x86.Build.0 = Release|Any CPU
		{E0F7C2C4-268F-48E0-B3F6-1B18515F80EE}.Debug|Any CPU.ActiveCfg = Debug|Any CPU
		{E0F7C2C4-268F-48E0-B3F6-1B18515F80EE}.Debug|Any CPU.Build.0 = Debug|Any CPU
		{E0F7C2C4-268F-48E0-B3F6-1B18515F80EE}.Debug|x64.ActiveCfg = Debug|Any CPU
		{E0F7C2C4-268F-48E0-B3F6-1B18515F80EE}.Debug|x64.Build.0 = Debug|Any CPU
		{E0F7C2C4-268F-48E0-B3F6-1B18515F80EE}.Debug|x86.ActiveCfg = Debug|Any CPU
		{E0F7C2C4-268F-48E0-B3F6-1B18515F80EE}.Debug|x86.Build.0 = Debug|Any CPU
		{E0F7C2C4-268F-48E0-B3F6-1B18515F80EE}.Release|Any CPU.ActiveCfg = Release|Any CPU
		{E0F7C2C4-268F-48E0-B3F6-1B18515F80EE}.Release|Any CPU.Build.0 = Release|Any CPU
		{E0F7C2C4-268F-48E0-B3F6-1B18515F80EE}.Release|x64.ActiveCfg = Release|Any CPU
		{E0F7C2C4-268F-48E0-B3F6-1B18515F80EE}.Release|x64.Build.0 = Release|Any CPU
		{E0F7C2C4-268F-48E0-B3F6-1B18515F80EE}.Release|x86.ActiveCfg = Release|Any CPU
		{E0F7C2C4-268F-48E0-B3F6-1B18515F80EE}.Release|x86.Build.0 = Release|Any CPU
		{02484089-A0FA-4E5C-92C9-A392003CE810}.Debug|Any CPU.ActiveCfg = Debug|Any CPU
		{02484089-A0FA-4E5C-92C9-A392003CE810}.Debug|Any CPU.Build.0 = Debug|Any CPU
		{02484089-A0FA-4E5C-92C9-A392003CE810}.Debug|x64.ActiveCfg = Debug|Any CPU
		{02484089-A0FA-4E5C-92C9-A392003CE810}.Debug|x64.Build.0 = Debug|Any CPU
		{02484089-A0FA-4E5C-92C9-A392003CE810}.Debug|x86.ActiveCfg = Debug|Any CPU
		{02484089-A0FA-4E5C-92C9-A392003CE810}.Debug|x86.Build.0 = Debug|Any CPU
		{02484089-A0FA-4E5C-92C9-A392003CE810}.Release|Any CPU.ActiveCfg = Release|Any CPU
		{02484089-A0FA-4E5C-92C9-A392003CE810}.Release|Any CPU.Build.0 = Release|Any CPU
		{02484089-A0FA-4E5C-92C9-A392003CE810}.Release|x64.ActiveCfg = Release|Any CPU
		{02484089-A0FA-4E5C-92C9-A392003CE810}.Release|x64.Build.0 = Release|Any CPU
		{02484089-A0FA-4E5C-92C9-A392003CE810}.Release|x86.ActiveCfg = Release|Any CPU
		{02484089-A0FA-4E5C-92C9-A392003CE810}.Release|x86.Build.0 = Release|Any CPU
		{809CA5EE-2019-415E-8293-059AA005A008}.Debug|Any CPU.ActiveCfg = Debug|Any CPU
		{809CA5EE-2019-415E-8293-059AA005A008}.Debug|Any CPU.Build.0 = Debug|Any CPU
		{809CA5EE-2019-415E-8293-059AA005A008}.Debug|x64.ActiveCfg = Debug|Any CPU
		{809CA5EE-2019-415E-8293-059AA005A008}.Debug|x64.Build.0 = Debug|Any CPU
		{809CA5EE-2019-415E-8293-059AA005A008}.Debug|x86.ActiveCfg = Debug|Any CPU
		{809CA5EE-2019-415E-8293-059AA005A008}.Debug|x86.Build.0 = Debug|Any CPU
		{809CA5EE-2019-415E-8293-059AA005A008}.Release|Any CPU.ActiveCfg = Release|Any CPU
		{809CA5EE-2019-415E-8293-059AA005A008}.Release|Any CPU.Build.0 = Release|Any CPU
		{809CA5EE-2019-415E-8293-059AA005A008}.Release|x64.ActiveCfg = Release|Any CPU
		{809CA5EE-2019-415E-8293-059AA005A008}.Release|x64.Build.0 = Release|Any CPU
		{809CA5EE-2019-415E-8293-059AA005A008}.Release|x86.ActiveCfg = Release|Any CPU
		{809CA5EE-2019-415E-8293-059AA005A008}.Release|x86.Build.0 = Release|Any CPU
	EndGlobalSection
	GlobalSection(SolutionProperties) = preSolution
		HideSolutionNode = FALSE
	EndGlobalSection
	GlobalSection(NestedProjects) = preSolution
		{F3DC9C4C-D182-4134-91AB-B3AD8F534E8E} = {827E0CD3-B72D-47B6-A68D-7590B98EB39B}
		{11C1DCFB-59F9-42E8-B204-8A3DD71BC5F4} = {827E0CD3-B72D-47B6-A68D-7590B98EB39B}
		{F4C48513-7323-4CD1-9134-C7043424C1A3} = {827E0CD3-B72D-47B6-A68D-7590B98EB39B}
		{C4DEC00A-6841-4F29-AA4C-DE8F65D61527} = {827E0CD3-B72D-47B6-A68D-7590B98EB39B}
		{D53540EA-7484-4B16-8B14-3148C59831C6} = {827E0CD3-B72D-47B6-A68D-7590B98EB39B}
		{41E08D50-29F7-4759-A086-D7262CF7EE48} = {827E0CD3-B72D-47B6-A68D-7590B98EB39B}
		{94EEFF64-D881-439D-BD4A-696CFA892C70} = {827E0CD3-B72D-47B6-A68D-7590B98EB39B}
		{68435935-A0A7-4793-A733-65A0E5A82644} = {827E0CD3-B72D-47B6-A68D-7590B98EB39B}
		{E7FB8D2E-09B3-4606-A823-081025A3DEDB} = {0AB3BF05-4346-4AA6-1389-037BE0695223}
		{E486F2A9-1B21-4EB1-9221-E6F939BF0993} = {0AB3BF05-4346-4AA6-1389-037BE0695223}
		{C42193B5-9F78-4161-93EF-F36AACA466E1} = {0AB3BF05-4346-4AA6-1389-037BE0695223}
		{E0F7C2C4-268F-48E0-B3F6-1B18515F80EE} = {0AB3BF05-4346-4AA6-1389-037BE0695223}
		{02484089-A0FA-4E5C-92C9-A392003CE810} = {0AB3BF05-4346-4AA6-1389-037BE0695223}
		{809CA5EE-2019-415E-8293-059AA005A008} = {0AB3BF05-4346-4AA6-1389-037BE0695223}
	EndGlobalSection
EndGlobal
